
Microsoft Visual Studio Solution File, Format Version 12.00
# Visual Studio Version 16
VisualStudioVersion = 16.0.31005.135
MinimumVisualStudioVersion = 10.0.40219.1
Project("{FAE04EC0-301F-11D3-BF4B-00C04F79EFBC}") = "View", "View\View.csproj", "{9A7BBE95-4B17-4B20-B16E-4E3412D71543}"
EndProject
Project("{FAE04EC0-301F-11D3-BF4B-00C04F79EFBC}") = "Model", "Model\Model\Model.csproj", "{45E11880-8A13-4B5C-8CED-A0A672EDC26C}"
EndProject
Project("{FAE04EC0-301F-11D3-BF4B-00C04F79EFBC}") = "ViewModel", "ViewModel\ViewModel\ViewModel.csproj", "{4C751CD4-917B-4F2B-8B2C-CF6F38A476A2}"
EndProject
Project("{FAE04EC0-301F-11D3-BF4B-00C04F79EFBC}") = "Cells", "Cells\Cells\Cells.csproj", "{2DFF9DD1-D620-4F97-AA44-E85B4D61D8C3}"
EndProject
Global
	GlobalSection(SolutionConfigurationPlatforms) = preSolution
		Debug|Any CPU = Debug|Any CPU
		Release|Any CPU = Release|Any CPU
	EndGlobalSection
	GlobalSection(ProjectConfigurationPlatforms) = postSolution
		{9A7BBE95-4B17-4B20-B16E-4E3412D71543}.Debug|Any CPU.ActiveCfg = Debug|Any CPU
		{9A7BBE95-4B17-4B20-B16E-4E3412D71543}.Debug|Any CPU.Build.0 = Debug|Any CPU
		{9A7BBE95-4B17-4B20-B16E-4E3412D71543}.Release|Any CPU.ActiveCfg = Release|Any CPU
		{9A7BBE95-4B17-4B20-B16E-4E3412D71543}.Release|Any CPU.Build.0 = Release|Any CPU
		{45E11880-8A13-4B5C-8CED-A0A672EDC26C}.Debug|Any CPU.ActiveCfg = Debug|Any CPU
		{45E11880-8A13-4B5C-8CED-A0A672EDC26C}.Debug|Any CPU.Build.0 = Debug|Any CPU
		{45E11880-8A13-4B5C-8CED-A0A672EDC26C}.Release|Any CPU.ActiveCfg = Release|Any CPU
		{45E11880-8A13-4B5C-8CED-A0A672EDC26C}.Release|Any CPU.Build.0 = Release|Any CPU
		{4C751CD4-917B-4F2B-8B2C-CF6F38A476A2}.Debug|Any CPU.ActiveCfg = Debug|Any CPU
		{4C751CD4-917B-4F2B-8B2C-CF6F38A476A2}.Debug|Any CPU.Build.0 = Debug|Any CPU
		{4C751CD4-917B-4F2B-8B2C-CF6F38A476A2}.Release|Any CPU.ActiveCfg = Release|Any CPU
		{4C751CD4-917B-4F2B-8B2C-CF6F38A476A2}.Release|Any CPU.Build.0 = Release|Any CPU
		{2DFF9DD1-D620-4F97-AA44-E85B4D61D8C3}.Debug|Any CPU.ActiveCfg = Debug|Any CPU
		{2DFF9DD1-D620-4F97-AA44-E85B4D61D8C3}.Debug|Any CPU.Build.0 = Debug|Any CPU
		{2DFF9DD1-D620-4F97-AA44-E85B4D61D8C3}.Release|Any CPU.ActiveCfg = Release|Any CPU
		{2DFF9DD1-D620-4F97-AA44-E85B4D61D8C3}.Release|Any CPU.Build.0 = Release|Any CPU
	EndGlobalSection
	GlobalSection(SolutionProperties) = preSolution
		HideSolutionNode = FALSE
	EndGlobalSection
	GlobalSection(ExtensibilityGlobals) = postSolution
		SolutionGuid = {478F7FE9-8779-4E4A-B79E-DE2BE0681CAA}
	EndGlobalSection
EndGlobal
